
Microsoft Visual Studio Solution File, Format Version 12.00
# Visual Studio Version 17
VisualStudioVersion = 17.7.34031.279
MinimumVisualStudioVersion = 10.0.40219.1
Project("{FAE04EC0-301F-11D3-BF4B-00C04F79EFBC}") = "WPFMiniProject", "WPFMiniProject\WPFMiniProject.csproj", "{B9D766A4-A309-4667-A415-B3E262F4D5D9}"
EndProject
Global
	GlobalSection(SolutionConfigurationPlatforms) = preSolution
		Debug|Any CPU = Debug|Any CPU
		Release|Any CPU = Release|Any CPU
	EndGlobalSection
	GlobalSection(ProjectConfigurationPlatforms) = postSolution
		{B9D766A4-A309-4667-A415-B3E262F4D5D9}.Debug|Any CPU.ActiveCfg = Debug|Any CPU
		{B9D766A4-A309-4667-A415-B3E262F4D5D9}.Debug|Any CPU.Build.0 = Debug|Any CPU
		{B9D766A4-A309-4667-A415-B3E262F4D5D9}.Release|Any CPU.ActiveCfg = Release|Any CPU
		{B9D766A4-A309-4667-A415-B3E262F4D5D9}.Release|Any CPU.Build.0 = Release|Any CPU
	EndGlobalSection
	GlobalSection(SolutionProperties) = preSolution
		HideSolutionNode = FALSE
	EndGlobalSection
	GlobalSection(ExtensibilityGlobals) = postSolution
		SolutionGuid = {FF1E8EC9-1361-40F9-AAF0-CBA37FC803BA}
	EndGlobalSection
EndGlobal
