
Microsoft Visual Studio Solution File, Format Version 12.00
# Visual Studio Version 17
VisualStudioVersion = 17.6.33829.357
MinimumVisualStudioVersion = 10.0.40219.1
Project("{FAE04EC0-301F-11D3-BF4B-00C04F79EFBC}") = "ConsoleUI", "ConsoleUI\ConsoleUI.csproj", "{87FCB155-024E-4425-B094-E07D4C1A5F9B}"
EndProject
Global
	GlobalSection(SolutionConfigurationPlatforms) = preSolution
		Debug|Any CPU = Debug|Any CPU
		Release|Any CPU = Release|Any CPU
	EndGlobalSection
	GlobalSection(ProjectConfigurationPlatforms) = postSolution
		{87FCB155-024E-4425-B094-E07D4C1A5F9B}.Debug|Any CPU.ActiveCfg = Debug|Any CPU
		{87FCB155-024E-4425-B094-E07D4C1A5F9B}.Debug|Any CPU.Build.0 = Debug|Any CPU
		{87FCB155-024E-4425-B094-E07D4C1A5F9B}.Release|Any CPU.ActiveCfg = Release|Any CPU
		{87FCB155-024E-4425-B094-E07D4C1A5F9B}.Release|Any CPU.Build.0 = Release|Any CPU
	EndGlobalSection
	GlobalSection(SolutionProperties) = preSolution
		HideSolutionNode = FALSE
	EndGlobalSection
	GlobalSection(ExtensibilityGlobals) = postSolution
		SolutionGuid = {944B5BE0-6475-488A-8A91-C362A3B08B7F}
	EndGlobalSection
EndGlobal
