
Microsoft Visual Studio Solution File, Format Version 12.00
# Visual Studio Version 17
VisualStudioVersion = 17.6.33829.357
MinimumVisualStudioVersion = 10.0.40219.1
Project("{FAE04EC0-301F-11D3-BF4B-00C04F79EFBC}") = "DoLoop", "DoLoop\DoLoop.csproj", "{927129FA-37A4-48B7-BB91-57B19FB18B58}"
EndProject
Global
	GlobalSection(SolutionConfigurationPlatforms) = preSolution
		Debug|Any CPU = Debug|Any CPU
		Release|Any CPU = Release|Any CPU
	EndGlobalSection
	GlobalSection(ProjectConfigurationPlatforms) = postSolution
		{927129FA-37A4-48B7-BB91-57B19FB18B58}.Debug|Any CPU.ActiveCfg = Debug|Any CPU
		{927129FA-37A4-48B7-BB91-57B19FB18B58}.Debug|Any CPU.Build.0 = Debug|Any CPU
		{927129FA-37A4-48B7-BB91-57B19FB18B58}.Release|Any CPU.ActiveCfg = Release|Any CPU
		{927129FA-37A4-48B7-BB91-57B19FB18B58}.Release|Any CPU.Build.0 = Release|Any CPU
	EndGlobalSection
	GlobalSection(SolutionProperties) = preSolution
		HideSolutionNode = FALSE
	EndGlobalSection
	GlobalSection(ExtensibilityGlobals) = postSolution
		SolutionGuid = {3943C5EE-DD03-411E-BAAA-9143A6BE81BB}
	EndGlobalSection
EndGlobal
