
Microsoft Visual Studio Solution File, Format Version 12.00
# Visual Studio Version 17
VisualStudioVersion = 17.7.34024.191
MinimumVisualStudioVersion = 10.0.40219.1
Project("{FAE04EC0-301F-11D3-BF4B-00C04F79EFBC}") = "InterfaceHomeWork", "InterfaceHomeWork\InterfaceHomeWork.csproj", "{FEB56B22-51DB-4ACF-9F97-14D69EDDEEC9}"
EndProject
Global
	GlobalSection(SolutionConfigurationPlatforms) = preSolution
		Debug|Any CPU = Debug|Any CPU
		Release|Any CPU = Release|Any CPU
	EndGlobalSection
	GlobalSection(ProjectConfigurationPlatforms) = postSolution
		{FEB56B22-51DB-4ACF-9F97-14D69EDDEEC9}.Debug|Any CPU.ActiveCfg = Debug|Any CPU
		{FEB56B22-51DB-4ACF-9F97-14D69EDDEEC9}.Debug|Any CPU.Build.0 = Debug|Any CPU
		{FEB56B22-51DB-4ACF-9F97-14D69EDDEEC9}.Release|Any CPU.ActiveCfg = Release|Any CPU
		{FEB56B22-51DB-4ACF-9F97-14D69EDDEEC9}.Release|Any CPU.Build.0 = Release|Any CPU
	EndGlobalSection
	GlobalSection(SolutionProperties) = preSolution
		HideSolutionNode = FALSE
	EndGlobalSection
	GlobalSection(ExtensibilityGlobals) = postSolution
		SolutionGuid = {B220A60B-792E-4413-B8ED-4E17919CCB3B}
	EndGlobalSection
EndGlobal
