
Microsoft Visual Studio Solution File, Format Version 12.00
# Visual Studio Version 17
VisualStudioVersion = 17.6.33829.357
MinimumVisualStudioVersion = 10.0.40219.1
Project("{FAE04EC0-301F-11D3-BF4B-00C04F79EFBC}") = "lists", "lists\lists.csproj", "{C804B415-C306-4390-B0AA-0836A48F7FAB}"
EndProject
Global
	GlobalSection(SolutionConfigurationPlatforms) = preSolution
		Debug|Any CPU = Debug|Any CPU
		Release|Any CPU = Release|Any CPU
	EndGlobalSection
	GlobalSection(ProjectConfigurationPlatforms) = postSolution
		{C804B415-C306-4390-B0AA-0836A48F7FAB}.Debug|Any CPU.ActiveCfg = Debug|Any CPU
		{C804B415-C306-4390-B0AA-0836A48F7FAB}.Debug|Any CPU.Build.0 = Debug|Any CPU
		{C804B415-C306-4390-B0AA-0836A48F7FAB}.Release|Any CPU.ActiveCfg = Release|Any CPU
		{C804B415-C306-4390-B0AA-0836A48F7FAB}.Release|Any CPU.Build.0 = Release|Any CPU
	EndGlobalSection
	GlobalSection(SolutionProperties) = preSolution
		HideSolutionNode = FALSE
	EndGlobalSection
	GlobalSection(ExtensibilityGlobals) = postSolution
		SolutionGuid = {E7B626D3-88D9-4E4F-8E02-637D233AFBBA}
	EndGlobalSection
EndGlobal
