
Microsoft Visual Studio Solution File, Format Version 12.00
# Visual Studio Version 17
VisualStudioVersion = 17.6.33829.357
MinimumVisualStudioVersion = 10.0.40219.1
Project("{FAE04EC0-301F-11D3-BF4B-00C04F79EFBC}") = "ForLoops", "ForLoops\ForLoops.csproj", "{3C31DF67-FFA8-45F8-A888-C1B35FD106C0}"
EndProject
Global
	GlobalSection(SolutionConfigurationPlatforms) = preSolution
		Debug|Any CPU = Debug|Any CPU
		Release|Any CPU = Release|Any CPU
	EndGlobalSection
	GlobalSection(ProjectConfigurationPlatforms) = postSolution
		{3C31DF67-FFA8-45F8-A888-C1B35FD106C0}.Debug|Any CPU.ActiveCfg = Debug|Any CPU
		{3C31DF67-FFA8-45F8-A888-C1B35FD106C0}.Debug|Any CPU.Build.0 = Debug|Any CPU
		{3C31DF67-FFA8-45F8-A888-C1B35FD106C0}.Release|Any CPU.ActiveCfg = Release|Any CPU
		{3C31DF67-FFA8-45F8-A888-C1B35FD106C0}.Release|Any CPU.Build.0 = Release|Any CPU
	EndGlobalSection
	GlobalSection(SolutionProperties) = preSolution
		HideSolutionNode = FALSE
	EndGlobalSection
	GlobalSection(ExtensibilityGlobals) = postSolution
		SolutionGuid = {79E27B86-768C-44D0-A546-212159A1052D}
	EndGlobalSection
EndGlobal
