
Microsoft Visual Studio Solution File, Format Version 12.00
# Visual Studio Version 17
VisualStudioVersion = 17.6.33829.357
MinimumVisualStudioVersion = 10.0.40219.1
Project("{FAE04EC0-301F-11D3-BF4B-00C04F79EFBC}") = "NullVariables", "NullVariables\NullVariables.csproj", "{54376FC0-8299-4539-BE81-38487147B2D8}"
EndProject
Global
	GlobalSection(SolutionConfigurationPlatforms) = preSolution
		Debug|Any CPU = Debug|Any CPU
		Release|Any CPU = Release|Any CPU
	EndGlobalSection
	GlobalSection(ProjectConfigurationPlatforms) = postSolution
		{54376FC0-8299-4539-BE81-38487147B2D8}.Debug|Any CPU.ActiveCfg = Debug|Any CPU
		{54376FC0-8299-4539-BE81-38487147B2D8}.Debug|Any CPU.Build.0 = Debug|Any CPU
		{54376FC0-8299-4539-BE81-38487147B2D8}.Release|Any CPU.ActiveCfg = Release|Any CPU
		{54376FC0-8299-4539-BE81-38487147B2D8}.Release|Any CPU.Build.0 = Release|Any CPU
	EndGlobalSection
	GlobalSection(SolutionProperties) = preSolution
		HideSolutionNode = FALSE
	EndGlobalSection
	GlobalSection(ExtensibilityGlobals) = postSolution
		SolutionGuid = {9C532C2D-FEBE-4949-8FD0-0D9ACE1F0864}
	EndGlobalSection
EndGlobal
