
Microsoft Visual Studio Solution File, Format Version 12.00
# Visual Studio Version 17
VisualStudioVersion = 17.6.33829.357
MinimumVisualStudioVersion = 10.0.40219.1
Project("{FAE04EC0-301F-11D3-BF4B-00C04F79EFBC}") = "ListsHomeWork", "ListsHomeWork\ListsHomeWork.csproj", "{49F6DC34-38CA-4449-B61E-FD6208CB22CF}"
EndProject
Global
	GlobalSection(SolutionConfigurationPlatforms) = preSolution
		Debug|Any CPU = Debug|Any CPU
		Release|Any CPU = Release|Any CPU
	EndGlobalSection
	GlobalSection(ProjectConfigurationPlatforms) = postSolution
		{49F6DC34-38CA-4449-B61E-FD6208CB22CF}.Debug|Any CPU.ActiveCfg = Debug|Any CPU
		{49F6DC34-38CA-4449-B61E-FD6208CB22CF}.Debug|Any CPU.Build.0 = Debug|Any CPU
		{49F6DC34-38CA-4449-B61E-FD6208CB22CF}.Release|Any CPU.ActiveCfg = Release|Any CPU
		{49F6DC34-38CA-4449-B61E-FD6208CB22CF}.Release|Any CPU.Build.0 = Release|Any CPU
	EndGlobalSection
	GlobalSection(SolutionProperties) = preSolution
		HideSolutionNode = FALSE
	EndGlobalSection
	GlobalSection(ExtensibilityGlobals) = postSolution
		SolutionGuid = {D16DBC62-9FAA-4872-B77C-D6772B5D02E4}
	EndGlobalSection
EndGlobal
