
Microsoft Visual Studio Solution File, Format Version 12.00
# Visual Studio Version 17
VisualStudioVersion = 17.7.34024.191
MinimumVisualStudioVersion = 10.0.40219.1
Project("{FAE04EC0-301F-11D3-BF4B-00C04F79EFBC}") = "AccessModifiersDemo", "AccessModifiersDemo\AccessModifiersDemo.csproj", "{FF124CE5-13E1-4768-BA8B-D2C3753F6238}"
EndProject
Project("{FAE04EC0-301F-11D3-BF4B-00C04F79EFBC}") = "DemoLibrary", "DemoLibrary\DemoLibrary.csproj", "{D1F28757-E2E6-4C13-B03D-5A3C933F6AAB}"
EndProject
Global
	GlobalSection(SolutionConfigurationPlatforms) = preSolution
		Debug|Any CPU = Debug|Any CPU
		Release|Any CPU = Release|Any CPU
	EndGlobalSection
	GlobalSection(ProjectConfigurationPlatforms) = postSolution
		{FF124CE5-13E1-4768-BA8B-D2C3753F6238}.Debug|Any CPU.ActiveCfg = Debug|Any CPU
		{FF124CE5-13E1-4768-BA8B-D2C3753F6238}.Debug|Any CPU.Build.0 = Debug|Any CPU
		{FF124CE5-13E1-4768-BA8B-D2C3753F6238}.Release|Any CPU.ActiveCfg = Release|Any CPU
		{FF124CE5-13E1-4768-BA8B-D2C3753F6238}.Release|Any CPU.Build.0 = Release|Any CPU
		{D1F28757-E2E6-4C13-B03D-5A3C933F6AAB}.Debug|Any CPU.ActiveCfg = Debug|Any CPU
		{D1F28757-E2E6-4C13-B03D-5A3C933F6AAB}.Debug|Any CPU.Build.0 = Debug|Any CPU
		{D1F28757-E2E6-4C13-B03D-5A3C933F6AAB}.Release|Any CPU.ActiveCfg = Release|Any CPU
		{D1F28757-E2E6-4C13-B03D-5A3C933F6AAB}.Release|Any CPU.Build.0 = Release|Any CPU
	EndGlobalSection
	GlobalSection(SolutionProperties) = preSolution
		HideSolutionNode = FALSE
	EndGlobalSection
	GlobalSection(ExtensibilityGlobals) = postSolution
		SolutionGuid = {3761B6A1-214D-4E51-895E-F3869015BC6E}
	EndGlobalSection
EndGlobal
