
Microsoft Visual Studio Solution File, Format Version 12.00
# Visual Studio Version 17
VisualStudioVersion = 17.6.33829.357
MinimumVisualStudioVersion = 10.0.40219.1
Project("{FAE04EC0-301F-11D3-BF4B-00C04F79EFBC}") = "DateTimeVariables", "DateTimeVariables\DateTimeVariables.csproj", "{71457E5B-E0A7-45EA-A656-B0267B711690}"
EndProject
Global
	GlobalSection(SolutionConfigurationPlatforms) = preSolution
		Debug|Any CPU = Debug|Any CPU
		Release|Any CPU = Release|Any CPU
	EndGlobalSection
	GlobalSection(ProjectConfigurationPlatforms) = postSolution
		{71457E5B-E0A7-45EA-A656-B0267B711690}.Debug|Any CPU.ActiveCfg = Debug|Any CPU
		{71457E5B-E0A7-45EA-A656-B0267B711690}.Debug|Any CPU.Build.0 = Debug|Any CPU
		{71457E5B-E0A7-45EA-A656-B0267B711690}.Release|Any CPU.ActiveCfg = Release|Any CPU
		{71457E5B-E0A7-45EA-A656-B0267B711690}.Release|Any CPU.Build.0 = Release|Any CPU
	EndGlobalSection
	GlobalSection(SolutionProperties) = preSolution
		HideSolutionNode = FALSE
	EndGlobalSection
	GlobalSection(ExtensibilityGlobals) = postSolution
		SolutionGuid = {EB5597B4-76D3-42E7-B020-58308CF4FC48}
	EndGlobalSection
EndGlobal
