
Microsoft Visual Studio Solution File, Format Version 12.00
# Visual Studio Version 17
VisualStudioVersion = 17.6.33829.357
MinimumVisualStudioVersion = 10.0.40219.1
Project("{FAE04EC0-301F-11D3-BF4B-00C04F79EFBC}") = "ConditionalStatementsHomeWork", "ConditionalStatementsHomeWork\ConditionalStatementsHomeWork.csproj", "{D6C070F1-599F-4DEC-B491-168477DE89A8}"
EndProject
Global
	GlobalSection(SolutionConfigurationPlatforms) = preSolution
		Debug|Any CPU = Debug|Any CPU
		Release|Any CPU = Release|Any CPU
	EndGlobalSection
	GlobalSection(ProjectConfigurationPlatforms) = postSolution
		{D6C070F1-599F-4DEC-B491-168477DE89A8}.Debug|Any CPU.ActiveCfg = Debug|Any CPU
		{D6C070F1-599F-4DEC-B491-168477DE89A8}.Debug|Any CPU.Build.0 = Debug|Any CPU
		{D6C070F1-599F-4DEC-B491-168477DE89A8}.Release|Any CPU.ActiveCfg = Release|Any CPU
		{D6C070F1-599F-4DEC-B491-168477DE89A8}.Release|Any CPU.Build.0 = Release|Any CPU
	EndGlobalSection
	GlobalSection(SolutionProperties) = preSolution
		HideSolutionNode = FALSE
	EndGlobalSection
	GlobalSection(ExtensibilityGlobals) = postSolution
		SolutionGuid = {A90C6295-4E23-4C2A-8C5E-247FAB268C38}
	EndGlobalSection
EndGlobal
